
Microsoft Visual Studio Solution File, Format Version 12.00
# Visual Studio Version 17
VisualStudioVersion = 17.0.31903.59
MinimumVisualStudioVersion = 10.0.40219.1
Project("{9A19103F-16F7-4668-BE54-9A1E7A4F7556}") = "KernelMemory.ElasticSearch", "KernelMemory.ElasticSearch\KernelMemory.ElasticSearch.csproj", "{394B2ECD-077F-4AF7-AAE2-EE8F19793D8B}"
EndProject
Project("{9A19103F-16F7-4668-BE54-9A1E7A4F7556}") = "KernelMemory.ElasticSearch.FunctionalTests", "KernelMemory.ElasticSearch.FunctionalTests\KernelMemory.ElasticSearch.FunctionalTests.csproj", "{444C4244-2180-4BBD-AC14-E758812AE88B}"
EndProject
Global
	GlobalSection(SolutionConfigurationPlatforms) = preSolution
		Debug|Any CPU = Debug|Any CPU
		Release|Any CPU = Release|Any CPU
	EndGlobalSection
	GlobalSection(ProjectConfigurationPlatforms) = postSolution
		{394B2ECD-077F-4AF7-AAE2-EE8F19793D8B}.Debug|Any CPU.ActiveCfg = Debug|Any CPU
		{394B2ECD-077F-4AF7-AAE2-EE8F19793D8B}.Debug|Any CPU.Build.0 = Debug|Any CPU
		{394B2ECD-077F-4AF7-AAE2-EE8F19793D8B}.Release|Any CPU.ActiveCfg = Release|Any CPU
		{394B2ECD-077F-4AF7-AAE2-EE8F19793D8B}.Release|Any CPU.Build.0 = Release|Any CPU
		{444C4244-2180-4BBD-AC14-E758812AE88B}.Debug|Any CPU.ActiveCfg = Debug|Any CPU
		{444C4244-2180-4BBD-AC14-E758812AE88B}.Debug|Any CPU.Build.0 = Debug|Any CPU
		{444C4244-2180-4BBD-AC14-E758812AE88B}.Release|Any CPU.ActiveCfg = Release|Any CPU
		{444C4244-2180-4BBD-AC14-E758812AE88B}.Release|Any CPU.Build.0 = Release|Any CPU
	EndGlobalSection
	GlobalSection(SolutionProperties) = preSolution
		HideSolutionNode = FALSE
	EndGlobalSection
	GlobalSection(ExtensibilityGlobals) = postSolution
		SolutionGuid = {C106B938-B028-4563-AED3-8AF138087BCC}
	EndGlobalSection
EndGlobal
